
Microsoft Visual Studio Solution File, Format Version 12.00
# Visual Studio Version 17
VisualStudioVersion = 17.6.33712.159
MinimumVisualStudioVersion = 10.0.40219.1
Project("{9A19103F-16F7-4668-BE54-9A1E7A4F7556}") = "Balderich", "Balderich.csproj", "{BE824A46-2315-4FF4-8FA0-A485BE81C248}"
EndProject
Global
	GlobalSection(SolutionConfigurationPlatforms) = preSolution
		Debug|Any CPU = Debug|Any CPU
		Release|Any CPU = Release|Any CPU
	EndGlobalSection
	GlobalSection(ProjectConfigurationPlatforms) = postSolution
		{BE824A46-2315-4FF4-8FA0-A485BE81C248}.Debug|Any CPU.ActiveCfg = Debug|Any CPU
		{BE824A46-2315-4FF4-8FA0-A485BE81C248}.Debug|Any CPU.Build.0 = Debug|Any CPU
		{BE824A46-2315-4FF4-8FA0-A485BE81C248}.Release|Any CPU.ActiveCfg = Release|Any CPU
		{BE824A46-2315-4FF4-8FA0-A485BE81C248}.Release|Any CPU.Build.0 = Release|Any CPU
	EndGlobalSection
	GlobalSection(SolutionProperties) = preSolution
		HideSolutionNode = FALSE
	EndGlobalSection
	GlobalSection(ExtensibilityGlobals) = postSolution
		SolutionGuid = {9E583FF2-42CE-4132-BCEE-6810AC8AD878}
	EndGlobalSection
EndGlobal
